
Microsoft Visual Studio Solution File, Format Version 12.00
# Visual Studio Version 17
VisualStudioVersion = 17.7.34202.233
MinimumVisualStudioVersion = 10.0.40219.1
Project("{8BC9CEB8-8B4A-11D0-8D11-00A0C91BC942}") = "Day3", "Day3\Day3.vcxproj", "{7A6E90CE-DB2C-4A54-8C70-BCBC2B10B9BB}"
EndProject
Global
	GlobalSection(SolutionConfigurationPlatforms) = preSolution
		Debug|x64 = Debug|x64
		Debug|x86 = Debug|x86
		Release|x64 = Release|x64
		Release|x86 = Release|x86
	EndGlobalSection
	GlobalSection(ProjectConfigurationPlatforms) = postSolution
		{7A6E90CE-DB2C-4A54-8C70-BCBC2B10B9BB}.Debug|x64.ActiveCfg = Debug|x64
		{7A6E90CE-DB2C-4A54-8C70-BCBC2B10B9BB}.Debug|x64.Build.0 = Debug|x64
		{7A6E90CE-DB2C-4A54-8C70-BCBC2B10B9BB}.Debug|x86.ActiveCfg = Debug|Win32
		{7A6E90CE-DB2C-4A54-8C70-BCBC2B10B9BB}.Debug|x86.Build.0 = Debug|Win32
		{7A6E90CE-DB2C-4A54-8C70-BCBC2B10B9BB}.Release|x64.ActiveCfg = Release|x64
		{7A6E90CE-DB2C-4A54-8C70-BCBC2B10B9BB}.Release|x64.Build.0 = Release|x64
		{7A6E90CE-DB2C-4A54-8C70-BCBC2B10B9BB}.Release|x86.ActiveCfg = Release|Win32
		{7A6E90CE-DB2C-4A54-8C70-BCBC2B10B9BB}.Release|x86.Build.0 = Release|Win32
	EndGlobalSection
	GlobalSection(SolutionProperties) = preSolution
		HideSolutionNode = FALSE
	EndGlobalSection
	GlobalSection(ExtensibilityGlobals) = postSolution
		SolutionGuid = {F323A0E8-6484-4734-BB7A-0D2C75E79EC4}
	EndGlobalSection
EndGlobal
